{
    "_meta": {
        "hash": {
            "sha256": "92c15a7be01a526574c23c49c893deb6b3d9fb18b9f8a96bc3f0c80de57d2eaf"
        },
        "pipfile-spec": 6,
        "requires": {
            "python_version": "3.7"
        },
        "sources": [
            {
                "name": "pypi",
                "url": "https://pypi.org/simple",
                "verify_ssl": true
            }
        ]
    },
    "default": {
        "chardet": {
            "hashes": [
                "sha256:84ab92ed1c4d4f16916e05906b6b75a6c0fb5db821cc65e70cbd64a3e2a5eaae",
                "sha256:fc323ffcaeaed0e0a02bf4d117757b98aed530d9ed4531e3e15460124c106691"
            ],
            "version": "==3.0.4"
        },
        "click": {
            "hashes": [
                "sha256:29f99fc6125fbc931b758dc053b3114e55c77a6e4c6c3a2674a2dc986016381d",
                "sha256:f15516df478d5a56180fbf80e68f206010e6d160fc39fa508b65e035fd75130b"
            ],
            "version": "==6.7"
        },
        "csv2anki": {
            "hashes": [
                "sha256:69ed7d98849bda3bc8b677e586f971b61a661edac6eed4e5e54cd09fd08fff84",
                "sha256:9e914be9d455f5d846995d6657e285add2cbb8464c515a1f5b0d11ab9e3760ba"
            ],
            "index": "pypi",
            "version": "==0.0.3"
        }
    },
    "develop": {}
}
